
Microsoft Visual Studio Solution File, Format Version 12.00
# Visual Studio Version 17
VisualStudioVersion = 17.9.34728.123
MinimumVisualStudioVersion = 10.0.40219.1
Project("{FAE04EC0-301F-11D3-BF4B-00C04F79EFBC}") = "dyplomnaApp2.Server", "dyplomnaApp2.Server\dyplomnaApp2.Server.csproj", "{8A77D747-FFC8-45B3-95AA-8BC57E7FB5C4}"
EndProject
Project("{54A90642-561A-4BB1-A94E-469ADEE60C69}") = "dyplomnaapp2.client", "dyplomnaapp2.client\dyplomnaapp2.client.esproj", "{4D527234-BE88-4BEC-BE98-5AF146189D3B}"
EndProject
Global
	GlobalSection(SolutionConfigurationPlatforms) = preSolution
		Debug|Any CPU = Debug|Any CPU
		Release|Any CPU = Release|Any CPU
	EndGlobalSection
	GlobalSection(ProjectConfigurationPlatforms) = postSolution
		{8A77D747-FFC8-45B3-95AA-8BC57E7FB5C4}.Debug|Any CPU.ActiveCfg = Debug|Any CPU
		{8A77D747-FFC8-45B3-95AA-8BC57E7FB5C4}.Debug|Any CPU.Build.0 = Debug|Any CPU
		{8A77D747-FFC8-45B3-95AA-8BC57E7FB5C4}.Release|Any CPU.ActiveCfg = Release|Any CPU
		{8A77D747-FFC8-45B3-95AA-8BC57E7FB5C4}.Release|Any CPU.Build.0 = Release|Any CPU
		{4D527234-BE88-4BEC-BE98-5AF146189D3B}.Debug|Any CPU.ActiveCfg = Debug|Any CPU
		{4D527234-BE88-4BEC-BE98-5AF146189D3B}.Debug|Any CPU.Build.0 = Debug|Any CPU
		{4D527234-BE88-4BEC-BE98-5AF146189D3B}.Debug|Any CPU.Deploy.0 = Debug|Any CPU
		{4D527234-BE88-4BEC-BE98-5AF146189D3B}.Release|Any CPU.ActiveCfg = Release|Any CPU
		{4D527234-BE88-4BEC-BE98-5AF146189D3B}.Release|Any CPU.Build.0 = Release|Any CPU
		{4D527234-BE88-4BEC-BE98-5AF146189D3B}.Release|Any CPU.Deploy.0 = Release|Any CPU
	EndGlobalSection
	GlobalSection(SolutionProperties) = preSolution
		HideSolutionNode = FALSE
	EndGlobalSection
	GlobalSection(ExtensibilityGlobals) = postSolution
		SolutionGuid = {6F3827D2-02B6-44CD-B04D-24AE1052A1DA}
	EndGlobalSection
EndGlobal
